# THIS IS AN AUTOGENERATED FILE. DO NOT EDIT THIS FILE DIRECTLY.
# yarn lockfile v1


bytenode@^1.5.2:
  version "1.5.2"
  resolved "https://registry.yarnpkg.com/bytenode/-/bytenode-1.5.2.tgz#ba64dde4d02498865a0debe5beab7412bef834e7"
  integrity sha512-GURnsWtj+9VSMPpvYqOTGHDcrXksYe+BqWj6LfmfR6m5dariQ8Z/TH3qAFB71N4mLmoxR+z66//s25OiSVvXjA==
